
Microsoft Visual Studio Solution File, Format Version 12.00
# Visual Studio Version 17
VisualStudioVersion = 17.1.32421.90
MinimumVisualStudioVersion = 10.0.40219.1
Project("{8BC9CEB8-8B4A-11D0-8D11-00A0C91BC942}") = "Server", "Server\Server.vcxproj", "{98CF1B32-CF10-4A8D-952E-6F421B139CE2}"
EndProject
Global
	GlobalSection(SolutionConfigurationPlatforms) = preSolution
		ConsoleDebug|x64 = ConsoleDebug|x64
		Debug|x64 = Debug|x64
		Release|x64 = Release|x64
	EndGlobalSection
	GlobalSection(ProjectConfigurationPlatforms) = postSolution
		{98CF1B32-CF10-4A8D-952E-6F421B139CE2}.ConsoleDebug|x64.ActiveCfg = ConsoleDebug|x64
		{98CF1B32-CF10-4A8D-952E-6F421B139CE2}.ConsoleDebug|x64.Build.0 = ConsoleDebug|x64
		{98CF1B32-CF10-4A8D-952E-6F421B139CE2}.Debug|x64.ActiveCfg = Debug|x64
		{98CF1B32-CF10-4A8D-952E-6F421B139CE2}.Debug|x64.Build.0 = Debug|x64
		{98CF1B32-CF10-4A8D-952E-6F421B139CE2}.Release|x64.ActiveCfg = Release|x64
		{98CF1B32-CF10-4A8D-952E-6F421B139CE2}.Release|x64.Build.0 = Release|x64
	EndGlobalSection
	GlobalSection(SolutionProperties) = preSolution
		HideSolutionNode = FALSE
	EndGlobalSection
	GlobalSection(ExtensibilityGlobals) = postSolution
		SolutionGuid = {6B316528-DE98-4307-9931-601482696046}
	EndGlobalSection
EndGlobal
