<?xml version="1.0" encoding="utf-8"?>
<Project ToolsVersion="4.0" xmlns="http://schemas.microsoft.com/developer/msbuild/2003">
  <ItemGroup>
    <Filter Include="リソース ファイル">
      <UniqueIdentifier>{67DA6AB6-F800-4c08-8B7A-83BB121AAD01}</UniqueIdentifier>
      <Extensions>rc;ico;cur;bmp;dlg;rc2;rct;bin;rgs;gif;jpg;jpeg;jpe;resx;tiff;tif;png;wav;mfcribbon-ms</Extensions>
    </Filter>
    <Filter Include="BaseCode">
      <UniqueIdentifier>{e93dc1c3-3bec-49c0-8ee6-81d5ce76a45e}</UniqueIdentifier>
    </Filter>
    <Filter Include="ConsoleSession">
      <UniqueIdentifier>{0f221930-cadb-484d-bfa6-1d9184884d4c}</UniqueIdentifier>
    </Filter>
    <Filter Include="ServiceSession">
      <UniqueIdentifier>{4f6092b8-5fa1-45e1-b035-61fa322c88d1}</UniqueIdentifier>
    </Filter>
    <Filter Include="ServiceSession\ResourceManager">
      <UniqueIdentifier>{5d746e27-7f26-4eaf-974a-12b1d105810a}</UniqueIdentifier>
    </Filter>
    <Filter Include="ServiceSession\Core">
      <UniqueIdentifier>{684f7ca9-3b3f-4cfc-bb76-2beb2e41c5db}</UniqueIdentifier>
    </Filter>
    <Filter Include="ServiceSession\Base">
      <UniqueIdentifier>{4b476aa3-35ca-404c-801d-6974e0d311ed}</UniqueIdentifier>
    </Filter>
    <Filter Include="ServiceSession\Others">
      <UniqueIdentifier>{9eb4b86e-775a-4cb7-8d16-452e59f4907b}</UniqueIdentifier>
    </Filter>
    <Filter Include="ServiceSession\Auth">
      <UniqueIdentifier>{e2b874f1-9b3d-4caf-925f-faba40a1bd5c}</UniqueIdentifier>
    </Filter>
    <Filter Include="ServiceSession\Config">
      <UniqueIdentifier>{d47ace3b-f15d-4de1-b67e-349a4e2a9100}</UniqueIdentifier>
    </Filter>
    <Filter Include="ServiceSession\Config\MSXML">
      <UniqueIdentifier>{ccf22970-5c6e-4590-882d-8b0e14d46c24}</UniqueIdentifier>
    </Filter>
    <Filter Include="ServiceSession\Config\MSXML\Writer">
      <UniqueIdentifier>{d968ea39-5c90-413c-b5fa-d05c70fda00a}</UniqueIdentifier>
    </Filter>
    <Filter Include="SubModule">
      <UniqueIdentifier>{993f3682-6d7e-4135-a2e9-2125f08f0234}</UniqueIdentifier>
    </Filter>
    <Filter Include="SubModule\MSXML">
      <UniqueIdentifier>{3563fe5f-5f30-4a82-af79-f2b896fed605}</UniqueIdentifier>
    </Filter>
    <Filter Include="SubModule\MSXML\XmlDataManager">
      <UniqueIdentifier>{0f3507b0-46c6-46e9-861d-6a73f621b1a2}</UniqueIdentifier>
    </Filter>
    <Filter Include="SubModule\MSXML\Read">
      <UniqueIdentifier>{9f608d8f-e535-43df-ba74-c1704b04c959}</UniqueIdentifier>
    </Filter>
    <Filter Include="SubModule\MSXML\XmlDomDocument">
      <UniqueIdentifier>{6a381ed2-3473-40fc-8cab-e9fc3bee5d59}</UniqueIdentifier>
    </Filter>
    <Filter Include="SubModule\MSXML\XmlDomElement">
      <UniqueIdentifier>{ba90d963-65cd-4771-96dc-67225e8ec387}</UniqueIdentifier>
    </Filter>
    <Filter Include="SubModule\MSXML\XmlDomNodeList">
      <UniqueIdentifier>{e0686630-2559-472b-9d0e-64436ae39859}</UniqueIdentifier>
    </Filter>
    <Filter Include="SubModule\MSXML\SafeRelease">
      <UniqueIdentifier>{09af25ea-3c48-4432-9ca6-a1f19eebde13}</UniqueIdentifier>
    </Filter>
    <Filter Include="SubModule\Base">
      <UniqueIdentifier>{acf3e153-64a4-40c5-a8b7-27f66cd6895a}</UniqueIdentifier>
    </Filter>
    <Filter Include="SubModule\ComString">
      <UniqueIdentifier>{2dd2cd0d-5354-4ec6-9e5e-0c1c12ff6ecd}</UniqueIdentifier>
    </Filter>
    <Filter Include="SubModule\MSXML\XmlDomText">
      <UniqueIdentifier>{2abd3d16-9e11-4e7e-a82c-4bd7c9c97e46}</UniqueIdentifier>
    </Filter>
  </ItemGroup>
  <ItemGroup>
    <ClCompile Include="Main.cpp">
      <Filter>BaseCode</Filter>
    </ClCompile>
    <ClCompile Include="ServiceMainProcess.cpp">
      <Filter>BaseCode</Filter>
    </ClCompile>
    <ClCompile Include="ServiceControl.cpp">
      <Filter>BaseCode</Filter>
    </ClCompile>
    <ClCompile Include="Console.cpp">
      <Filter>BaseCode</Filter>
    </ClCompile>
    <ClCompile Include="ServiceController.cpp">
      <Filter>BaseCode</Filter>
    </ClCompile>
    <ClCompile Include="ServiceControlManager.cpp">
      <Filter>BaseCode</Filter>
    </ClCompile>
    <ClCompile Include="Disk.cpp">
      <Filter>ServiceSession\ResourceManager</Filter>
    </ClCompile>
    <ClCompile Include="Memory.cpp">
      <Filter>ServiceSession\ResourceManager</Filter>
    </ClCompile>
    <ClCompile Include="Network.cpp">
      <Filter>ServiceSession\ResourceManager</Filter>
    </ClCompile>
    <ClCompile Include="PDHCounter.cpp">
      <Filter>ServiceSession\ResourceManager</Filter>
    </ClCompile>
    <ClCompile Include="PDHQuery.cpp">
      <Filter>ServiceSession\ResourceManager</Filter>
    </ClCompile>
    <ClCompile Include="Processor.cpp">
      <Filter>ServiceSession\ResourceManager</Filter>
    </ClCompile>
    <ClCompile Include="ServiceMonitor.cpp">
      <Filter>ServiceSession\ResourceManager</Filter>
    </ClCompile>
    <ClCompile Include="ConsoleMainProcess.cpp">
      <Filter>ConsoleSession</Filter>
    </ClCompile>
    <ClCompile Include="ResourceAccessServer.cpp">
      <Filter>ServiceSession\Core</Filter>
    </ClCompile>
    <ClCompile Include="Auth.cpp">
      <Filter>ServiceSession\Auth</Filter>
    </ClCompile>
    <ClCompile Include="SHA512.cpp">
      <Filter>ServiceSession\Auth</Filter>
    </ClCompile>
    <ClCompile Include="ToUpper.cpp">
      <Filter>ServiceSession\Auth</Filter>
    </ClCompile>
    <ClCompile Include="ComInitManager.cpp">
      <Filter>ServiceSession\Config</Filter>
    </ClCompile>
    <ClCompile Include="ConfigLoader.cpp">
      <Filter>ServiceSession\Config</Filter>
    </ClCompile>
    <ClCompile Include="MSXMLWrite.cpp">
      <Filter>ServiceSession\Config\MSXML\Writer</Filter>
    </ClCompile>
    <ClCompile Include="..\Common\MSXMLRead.cpp">
      <Filter>SubModule\MSXML\Read</Filter>
    </ClCompile>
    <ClCompile Include="..\Common\XmlDomDocument.cpp">
      <Filter>SubModule\MSXML\XmlDomDocument</Filter>
    </ClCompile>
    <ClCompile Include="..\Common\XmlDomElement.cpp">
      <Filter>SubModule\MSXML\XmlDomElement</Filter>
    </ClCompile>
    <ClCompile Include="..\Common\XmlDomNodeList.cpp">
      <Filter>SubModule\MSXML\XmlDomNodeList</Filter>
    </ClCompile>
    <ClCompile Include="..\Common\ComString.cpp">
      <Filter>SubModule\ComString</Filter>
    </ClCompile>
    <ClCompile Include="Base64Converter.cpp">
      <Filter>ServiceSession\Auth</Filter>
    </ClCompile>
    <ClCompile Include="..\Common\XmlDomText.cpp">
      <Filter>SubModule\MSXML\XmlDomText</Filter>
    </ClCompile>
    <ClCompile Include="Password.cpp">
      <Filter>ServiceSession\Auth</Filter>
    </ClCompile>
  </ItemGroup>
  <ItemGroup>
    <ClInclude Include="ServiceStatus.h">
      <Filter>BaseCode</Filter>
    </ClInclude>
    <ClInclude Include="ServiceControl.h">
      <Filter>BaseCode</Filter>
    </ClInclude>
    <ClInclude Include="Console.h">
      <Filter>BaseCode</Filter>
    </ClInclude>
    <ClInclude Include="ServiceController.h">
      <Filter>BaseCode</Filter>
    </ClInclude>
    <ClInclude Include="ServiceControlManager.h">
      <Filter>BaseCode</Filter>
    </ClInclude>
    <ClInclude Include="HandleManager.h">
      <Filter>BaseCode</Filter>
    </ClInclude>
    <ClInclude Include="Disk.hpp">
      <Filter>ServiceSession\ResourceManager</Filter>
    </ClInclude>
    <ClInclude Include="Memory.hpp">
      <Filter>ServiceSession\ResourceManager</Filter>
    </ClInclude>
    <ClInclude Include="Network.hpp">
      <Filter>ServiceSession\ResourceManager</Filter>
    </ClInclude>
    <ClInclude Include="PDHAssistFunctions.hpp">
      <Filter>ServiceSession\ResourceManager</Filter>
    </ClInclude>
    <ClInclude Include="PDHCounter.hpp">
      <Filter>ServiceSession\ResourceManager</Filter>
    </ClInclude>
    <ClInclude Include="PDHQuery.hpp">
      <Filter>ServiceSession\ResourceManager</Filter>
    </ClInclude>
    <ClInclude Include="Processor.hpp">
      <Filter>ServiceSession\ResourceManager</Filter>
    </ClInclude>
    <ClInclude Include="ServiceMonitor.hpp">
      <Filter>ServiceSession\ResourceManager</Filter>
    </ClInclude>
    <ClInclude Include="ConsoleMainProcess.h">
      <Filter>ConsoleSession</Filter>
    </ClInclude>
    <ClInclude Include="ResourceAccessServer.hpp">
      <Filter>ServiceSession\Core</Filter>
    </ClInclude>
    <ClInclude Include="ServiceInformation.h">
      <Filter>ServiceSession\Base</Filter>
    </ClInclude>
    <ClInclude Include="ServiceMainProcess.h">
      <Filter>ServiceSession\Base</Filter>
    </ClInclude>
    <ClInclude Include="Split.hpp">
      <Filter>ServiceSession\Others</Filter>
    </ClInclude>
    <ClInclude Include="Auth.hpp">
      <Filter>ServiceSession\Auth</Filter>
    </ClInclude>
    <ClInclude Include="SHA512.hpp">
      <Filter>ServiceSession\Auth</Filter>
    </ClInclude>
    <ClInclude Include="ToUpper.hpp">
      <Filter>ServiceSession\Auth</Filter>
    </ClInclude>
    <ClInclude Include="ComInitManager.hpp">
      <Filter>ServiceSession\Config</Filter>
    </ClInclude>
    <ClInclude Include="ConfigLoader.hpp">
      <Filter>ServiceSession\Config</Filter>
    </ClInclude>
    <ClInclude Include="MSXMLWrite.hpp">
      <Filter>ServiceSession\Config\MSXML\Writer</Filter>
    </ClInclude>
    <ClInclude Include="..\Common\XmlDataManager.hpp">
      <Filter>SubModule\MSXML\XmlDataManager</Filter>
    </ClInclude>
    <ClInclude Include="..\Common\MSXMLRead.hpp">
      <Filter>SubModule\MSXML\Read</Filter>
    </ClInclude>
    <ClInclude Include="..\Common\XmlDomDocument.hpp">
      <Filter>SubModule\MSXML\XmlDomDocument</Filter>
    </ClInclude>
    <ClInclude Include="..\Common\XmlDomElement.hpp">
      <Filter>SubModule\MSXML\XmlDomElement</Filter>
    </ClInclude>
    <ClInclude Include="..\Common\XmlDomNodeList.hpp">
      <Filter>SubModule\MSXML\XmlDomNodeList</Filter>
    </ClInclude>
    <ClInclude Include="..\Common\SafeRelease.hpp">
      <Filter>SubModule\MSXML\SafeRelease</Filter>
    </ClInclude>
    <ClInclude Include="..\Common\CommandLineManager.h">
      <Filter>SubModule\Base</Filter>
    </ClInclude>
    <ClInclude Include="..\Common\GetErrorMessage.h">
      <Filter>SubModule\Base</Filter>
    </ClInclude>
    <ClInclude Include="..\Common\StringCvt.h">
      <Filter>SubModule\Base</Filter>
    </ClInclude>
    <ClInclude Include="..\Common\ComString.hpp">
      <Filter>SubModule\ComString</Filter>
    </ClInclude>
    <ClInclude Include="Base64Converter.hpp">
      <Filter>ServiceSession\Auth</Filter>
    </ClInclude>
    <ClInclude Include="..\Common\XmlDomText.hpp">
      <Filter>SubModule\MSXML\XmlDomText</Filter>
    </ClInclude>
    <ClInclude Include="Password.hpp">
      <Filter>ServiceSession\Auth</Filter>
    </ClInclude>
    <ClInclude Include="ResourceManager.hpp">
      <Filter>ServiceSession\ResourceManager</Filter>
    </ClInclude>
  </ItemGroup>
  <ItemGroup>
    <Xml Include="server.xml">
      <Filter>リソース ファイル</Filter>
    </Xml>
  </ItemGroup>
  <ItemGroup>
    <None Include="auth.json">
      <Filter>リソース ファイル</Filter>
    </None>
    <None Include="resources.json">
      <Filter>リソース ファイル</Filter>
    </None>
  </ItemGroup>
</Project>